
Microsoft Visual Studio Solution File, Format Version 12.00
# Visual Studio Version 16
VisualStudioVersion = 16.0.28803.156
MinimumVisualStudioVersion = 10.0.40219.1
Project("{9A19103F-16F7-4668-BE54-9A1E7A4F7556}") = "Busy3", "Busy3\Busy3.csproj", "{54BD5633-7420-41B4-952B-12944F34AD66}"
EndProject
Project("{9A19103F-16F7-4668-BE54-9A1E7A4F7556}") = "Busy3.Tests", "Busy3.Tests\Busy3.Tests.csproj", "{4C4C0917-3399-46BE-AEFD-832A14F708D2}"
EndProject
Project("{9A19103F-16F7-4668-BE54-9A1E7A4F7556}") = "Busy3.Storage", "Busy3.Storage\Busy3.Storage.csproj", "{7F7D8D93-D3C3-42EC-83B6-08C9122B936F}"
EndProject
Project("{9A19103F-16F7-4668-BE54-9A1E7A4F7556}") = "Busy3.Tests.Storage", "Busy3.Tests.Storage\Busy3.Tests.Storage.csproj", "{90C469A7-133F-4339-96B5-DBCA108AABD7}"
EndProject
Project("{9A19103F-16F7-4668-BE54-9A1E7A4F7556}") = "Busy3.Tests.Shared", "Busy3.Tests.Shared\Busy3.Tests.Shared.csproj", "{99AD8B00-3DC3-4770-9D4C-0E6B446A9544}"
EndProject
Project("{9A19103F-16F7-4668-BE54-9A1E7A4F7556}") = "Busy3.Shared", "Busy3.Shared\Busy3.Shared.csproj", "{EFEFF7B0-B708-442E-A825-20D1ABF1FB5B}"
EndProject
Project("{FAE04EC0-301F-11D3-BF4B-00C04F79EFBC}") = "Busy3.Peer1", "Demo\Busy3.Peer1\Busy3.Peer1.csproj", "{61729181-4EF0-42CC-A012-7DC5FD7DE887}"
EndProject
Project("{FAE04EC0-301F-11D3-BF4B-00C04F79EFBC}") = "Busy3.Peer2", "Demo\Busy3.Peer2\Busy3.Peer2.csproj", "{D45F547C-4334-4916-83F8-214AEA03E100}"
EndProject
Project("{FAE04EC0-301F-11D3-BF4B-00C04F79EFBC}") = "Busy3.PeerDirectory", "Demo\Busy3.PeerDirectory\Busy3.PeerDirectory.csproj", "{7D691CAB-D244-46E4-AF16-7FE9F934F89F}"
EndProject
Project("{FAE04EC0-301F-11D3-BF4B-00C04F79EFBC}") = "Busy3.Demo.Shared", "Demo\Busy3.Demo.Shared\Busy3.Demo.Shared.csproj", "{D575D6B3-8821-42F6-950F-6D33732DB6F3}"
EndProject
Global
	GlobalSection(SolutionConfigurationPlatforms) = preSolution
		Debug|Any CPU = Debug|Any CPU
		Release|Any CPU = Release|Any CPU
	EndGlobalSection
	GlobalSection(ProjectConfigurationPlatforms) = postSolution
		{54BD5633-7420-41B4-952B-12944F34AD66}.Debug|Any CPU.ActiveCfg = Debug|Any CPU
		{54BD5633-7420-41B4-952B-12944F34AD66}.Debug|Any CPU.Build.0 = Debug|Any CPU
		{54BD5633-7420-41B4-952B-12944F34AD66}.Release|Any CPU.ActiveCfg = Release|Any CPU
		{54BD5633-7420-41B4-952B-12944F34AD66}.Release|Any CPU.Build.0 = Release|Any CPU
		{4C4C0917-3399-46BE-AEFD-832A14F708D2}.Debug|Any CPU.ActiveCfg = Debug|Any CPU
		{4C4C0917-3399-46BE-AEFD-832A14F708D2}.Debug|Any CPU.Build.0 = Debug|Any CPU
		{4C4C0917-3399-46BE-AEFD-832A14F708D2}.Release|Any CPU.ActiveCfg = Release|Any CPU
		{4C4C0917-3399-46BE-AEFD-832A14F708D2}.Release|Any CPU.Build.0 = Release|Any CPU
		{7F7D8D93-D3C3-42EC-83B6-08C9122B936F}.Debug|Any CPU.ActiveCfg = Debug|Any CPU
		{7F7D8D93-D3C3-42EC-83B6-08C9122B936F}.Debug|Any CPU.Build.0 = Debug|Any CPU
		{7F7D8D93-D3C3-42EC-83B6-08C9122B936F}.Release|Any CPU.ActiveCfg = Release|Any CPU
		{7F7D8D93-D3C3-42EC-83B6-08C9122B936F}.Release|Any CPU.Build.0 = Release|Any CPU
		{90C469A7-133F-4339-96B5-DBCA108AABD7}.Debug|Any CPU.ActiveCfg = Debug|Any CPU
		{90C469A7-133F-4339-96B5-DBCA108AABD7}.Debug|Any CPU.Build.0 = Debug|Any CPU
		{90C469A7-133F-4339-96B5-DBCA108AABD7}.Release|Any CPU.ActiveCfg = Release|Any CPU
		{90C469A7-133F-4339-96B5-DBCA108AABD7}.Release|Any CPU.Build.0 = Release|Any CPU
		{99AD8B00-3DC3-4770-9D4C-0E6B446A9544}.Debug|Any CPU.ActiveCfg = Debug|Any CPU
		{99AD8B00-3DC3-4770-9D4C-0E6B446A9544}.Debug|Any CPU.Build.0 = Debug|Any CPU
		{99AD8B00-3DC3-4770-9D4C-0E6B446A9544}.Release|Any CPU.ActiveCfg = Release|Any CPU
		{99AD8B00-3DC3-4770-9D4C-0E6B446A9544}.Release|Any CPU.Build.0 = Release|Any CPU
		{EFEFF7B0-B708-442E-A825-20D1ABF1FB5B}.Debug|Any CPU.ActiveCfg = Debug|Any CPU
		{EFEFF7B0-B708-442E-A825-20D1ABF1FB5B}.Debug|Any CPU.Build.0 = Debug|Any CPU
		{EFEFF7B0-B708-442E-A825-20D1ABF1FB5B}.Release|Any CPU.ActiveCfg = Release|Any CPU
		{EFEFF7B0-B708-442E-A825-20D1ABF1FB5B}.Release|Any CPU.Build.0 = Release|Any CPU
		{61729181-4EF0-42CC-A012-7DC5FD7DE887}.Debug|Any CPU.ActiveCfg = Debug|Any CPU
		{61729181-4EF0-42CC-A012-7DC5FD7DE887}.Debug|Any CPU.Build.0 = Debug|Any CPU
		{61729181-4EF0-42CC-A012-7DC5FD7DE887}.Release|Any CPU.ActiveCfg = Release|Any CPU
		{61729181-4EF0-42CC-A012-7DC5FD7DE887}.Release|Any CPU.Build.0 = Release|Any CPU
		{D45F547C-4334-4916-83F8-214AEA03E100}.Debug|Any CPU.ActiveCfg = Debug|Any CPU
		{D45F547C-4334-4916-83F8-214AEA03E100}.Debug|Any CPU.Build.0 = Debug|Any CPU
		{D45F547C-4334-4916-83F8-214AEA03E100}.Release|Any CPU.ActiveCfg = Release|Any CPU
		{D45F547C-4334-4916-83F8-214AEA03E100}.Release|Any CPU.Build.0 = Release|Any CPU
		{7D691CAB-D244-46E4-AF16-7FE9F934F89F}.Debug|Any CPU.ActiveCfg = Debug|Any CPU
		{7D691CAB-D244-46E4-AF16-7FE9F934F89F}.Debug|Any CPU.Build.0 = Debug|Any CPU
		{7D691CAB-D244-46E4-AF16-7FE9F934F89F}.Release|Any CPU.ActiveCfg = Release|Any CPU
		{7D691CAB-D244-46E4-AF16-7FE9F934F89F}.Release|Any CPU.Build.0 = Release|Any CPU
		{D575D6B3-8821-42F6-950F-6D33732DB6F3}.Debug|Any CPU.ActiveCfg = Debug|Any CPU
		{D575D6B3-8821-42F6-950F-6D33732DB6F3}.Debug|Any CPU.Build.0 = Debug|Any CPU
		{D575D6B3-8821-42F6-950F-6D33732DB6F3}.Release|Any CPU.ActiveCfg = Release|Any CPU
		{D575D6B3-8821-42F6-950F-6D33732DB6F3}.Release|Any CPU.Build.0 = Release|Any CPU
	EndGlobalSection
	GlobalSection(SolutionProperties) = preSolution
		HideSolutionNode = FALSE
	EndGlobalSection
	GlobalSection(ExtensibilityGlobals) = postSolution
		SolutionGuid = {107ABB06-BB94-4CF9-9562-60DA37C1D65A}
	EndGlobalSection
EndGlobal
